// !$*UTF8*$!
{
	archiveVersion = 1;
	classes = {
	};
	objectVersion = 55;
	objects = {

/* Begin PBXBuildFile section */
		8A1802B428C67D4F0081EB51 /* PlayerCoverView.swift in Sources */ = {isa = PBXBuildFile; fileRef = 8A1802B328C67D4F0081EB51 /* PlayerCoverView.swift */; };
		8A1802B728C67F100081EB51 /* PlayerButtonImage.swift in Sources */ = {isa = PBXBuildFile; fileRef = 8A1802B628C67F100081EB51 /* PlayerButtonImage.swift */; };
		8A3F35DA28C4B149006B3892 /* AppleMusicAppSwiftUIApp.swift in Sources */ = {isa = PBXBuildFile; fileRef = 8A3F35D928C4B149006B3892 /* AppleMusicAppSwiftUIApp.swift */; };
		8A3F35DC28C4B149006B3892 /* LibraryView.swift in Sources */ = {isa = PBXBuildFile; fileRef = 8A3F35DB28C4B149006B3892 /* LibraryView.swift */; };
		8A3F35DE28C4B14A006B3892 /* Assets.xcassets in Resources */ = {isa = PBXBuildFile; fileRef = 8A3F35DD28C4B14A006B3892 /* Assets.xcassets */; };
		8A3F35E128C4B14A006B3892 /* Preview Assets.xcassets in Resources */ = {isa = PBXBuildFile; fileRef = 8A3F35E028C4B14A006B3892 /* Preview Assets.xcassets */; };
		8A3F35EC28C4DE86006B3892 /* GeneralView.swift in Sources */ = {isa = PBXBuildFile; fileRef = 8A3F35EB28C4DE86006B3892 /* GeneralView.swift */; };
		8A3F35EE28C4F8D3006B3892 /* PlayerView.swift in Sources */ = {isa = PBXBuildFile; fileRef = 8A3F35ED28C4F8D3006B3892 /* PlayerView.swift */; };
		8A92ACAF28C516AB00ADE1B2 /* ListModel.swift in Sources */ = {isa = PBXBuildFile; fileRef = 8A92ACAE28C516AB00ADE1B2 /* ListModel.swift */; };
		8A92ACB128C516D700ADE1B2 /* ListView.swift in Sources */ = {isa = PBXBuildFile; fileRef = 8A92ACB028C516D700ADE1B2 /* ListView.swift */; };
		8A92ACB728C52ABE00ADE1B2 /* ListCell.swift in Sources */ = {isa = PBXBuildFile; fileRef = 8A92ACB628C52ABE00ADE1B2 /* ListCell.swift */; };
		8ADB1DEB28C8C54E00962616 /* RadioView.swift in Sources */ = {isa = PBXBuildFile; fileRef = 8ADB1DEA28C8C54E00962616 /* RadioView.swift */; };
		8ADB1DED28C8C63200962616 /* RadioModel.swift in Sources */ = {isa = PBXBuildFile; fileRef = 8ADB1DEC28C8C63200962616 /* RadioModel.swift */; };
		8ADB1DF028C8FDE900962616 /* RadioSingleStationView.swift in Sources */ = {isa = PBXBuildFile; fileRef = 8ADB1DEF28C8FDE900962616 /* RadioSingleStationView.swift */; };
		8ADB1DF228C9027000962616 /* RadioRectangleStantionView.swift in Sources */ = {isa = PBXBuildFile; fileRef = 8ADB1DF128C9027000962616 /* RadioRectangleStantionView.swift */; };
		8ADB1E2528CBA1EF00962616 /* SearchView.swift in Sources */ = {isa = PBXBuildFile; fileRef = 8ADB1E2428CBA1EF00962616 /* SearchView.swift */; };
		8ADB1E2728CE12CD00962616 /* PlayerProgressLine.swift in Sources */ = {isa = PBXBuildFile; fileRef = 8ADB1E2628CE12CD00962616 /* PlayerProgressLine.swift */; };
		8ADB1E2928CE35BA00962616 /* PlayerExtendedControlModul.swift in Sources */ = {isa = PBXBuildFile; fileRef = 8ADB1E2828CE35BA00962616 /* PlayerExtendedControlModul.swift */; };
		8ADB1E2C28CE3CD500962616 /* PlayerExtendedBottomButtons.swift in Sources */ = {isa = PBXBuildFile; fileRef = 8ADB1E2B28CE3CD500962616 /* PlayerExtendedBottomButtons.swift */; };
/* End PBXBuildFile section */

/* Begin PBXFileReference section */
		8A1802B328C67D4F0081EB51 /* PlayerCoverView.swift */ = {isa = PBXFileReference; lastKnownFileType = sourcecode.swift; path = PlayerCoverView.swift; sourceTree = "<group>"; };
		8A1802B628C67F100081EB51 /* PlayerButtonImage.swift */ = {isa = PBXFileReference; lastKnownFileType = sourcecode.swift; path = PlayerButtonImage.swift; sourceTree = "<group>"; };
		8A3F35D628C4B149006B3892 /* MusicAppSUI.app */ = {isa = PBXFileReference; explicitFileType = wrapper.application; includeInIndex = 0; path = MusicAppSUI.app; sourceTree = BUILT_PRODUCTS_DIR; };
		8A3F35D928C4B149006B3892 /* AppleMusicAppSwiftUIApp.swift */ = {isa = PBXFileReference; lastKnownFileType = sourcecode.swift; path = AppleMusicAppSwiftUIApp.swift; sourceTree = "<group>"; };
		8A3F35DB28C4B149006B3892 /* LibraryView.swift */ = {isa = PBXFileReference; lastKnownFileType = sourcecode.swift; path = LibraryView.swift; sourceTree = "<group>"; };
		8A3F35DD28C4B14A006B3892 /* Assets.xcassets */ = {isa = PBXFileReference; lastKnownFileType = folder.assetcatalog; path = Assets.xcassets; sourceTree = "<group>"; };
		8A3F35E028C4B14A006B3892 /* Preview Assets.xcassets */ = {isa = PBXFileReference; lastKnownFileType = folder.assetcatalog; path = "Preview Assets.xcassets"; sourceTree = "<group>"; };
		8A3F35EB28C4DE86006B3892 /* GeneralView.swift */ = {isa = PBXFileReference; lastKnownFileType = sourcecode.swift; path = GeneralView.swift; sourceTree = "<group>"; };
		8A3F35ED28C4F8D3006B3892 /* PlayerView.swift */ = {isa = PBXFileReference; lastKnownFileType = sourcecode.swift; path = PlayerView.swift; sourceTree = "<group>"; };
		8A92ACAE28C516AB00ADE1B2 /* ListModel.swift */ = {isa = PBXFileReference; lastKnownFileType = sourcecode.swift; path = ListModel.swift; sourceTree = "<group>"; };
		8A92ACB028C516D700ADE1B2 /* ListView.swift */ = {isa = PBXFileReference; lastKnownFileType = sourcecode.swift; path = ListView.swift; sourceTree = "<group>"; };
		8A92ACB628C52ABE00ADE1B2 /* ListCell.swift */ = {isa = PBXFileReference; lastKnownFileType = sourcecode.swift; path = ListCell.swift; sourceTree = "<group>"; };
		8ADB1DEA28C8C54E00962616 /* RadioView.swift */ = {isa = PBXFileReference; lastKnownFileType = sourcecode.swift; path = RadioView.swift; sourceTree = "<group>"; };
		8ADB1DEC28C8C63200962616 /* RadioModel.swift */ = {isa = PBXFileReference; lastKnownFileType = sourcecode.swift; path = RadioModel.swift; sourceTree = "<group>"; };
		8ADB1DEF28C8FDE900962616 /* RadioSingleStationView.swift */ = {isa = PBXFileReference; lastKnownFileType = sourcecode.swift; path = RadioSingleStationView.swift; sourceTree = "<group>"; };
		8ADB1DF128C9027000962616 /* RadioRectangleStantionView.swift */ = {isa = PBXFileReference; lastKnownFileType = sourcecode.swift; path = RadioRectangleStantionView.swift; sourceTree = "<group>"; };
		8ADB1E2428CBA1EF00962616 /* SearchView.swift */ = {isa = PBXFileReference; lastKnownFileType = sourcecode.swift; path = SearchView.swift; sourceTree = "<group>"; };
		8ADB1E2628CE12CD00962616 /* PlayerProgressLine.swift */ = {isa = PBXFileReference; lastKnownFileType = sourcecode.swift; path = PlayerProgressLine.swift; sourceTree = "<group>"; };
		8ADB1E2828CE35BA00962616 /* PlayerExtendedControlModul.swift */ = {isa = PBXFileReference; lastKnownFileType = sourcecode.swift; path = PlayerExtendedControlModul.swift; sourceTree = "<group>"; };
		8ADB1E2B28CE3CD500962616 /* PlayerExtendedBottomButtons.swift */ = {isa = PBXFileReference; lastKnownFileType = sourcecode.swift; path = PlayerExtendedBottomButtons.swift; sourceTree = "<group>"; };
/* End PBXFileReference section */

/* Begin PBXFrameworksBuildPhase section */
		8A3F35D328C4B149006B3892 /* Frameworks */ = {
			isa = PBXFrameworksBuildPhase;
			buildActionMask = 2147483647;
			files = (
			);
			runOnlyForDeploymentPostprocessing = 0;
		};
/* End PBXFrameworksBuildPhase section */

/* Begin PBXGroup section */
		8A1802B028C67BBA0081EB51 /* Model */ = {
			isa = PBXGroup;
			children = (
				8A92ACAE28C516AB00ADE1B2 /* ListModel.swift */,
				8ADB1DEC28C8C63200962616 /* RadioModel.swift */,
			);
			path = Model;
			sourceTree = "<group>";
		};
		8A1802B228C67C550081EB51 /* ListView */ = {
			isa = PBXGroup;
			children = (
				8A92ACB028C516D700ADE1B2 /* ListView.swift */,
				8A92ACB628C52ABE00ADE1B2 /* ListCell.swift */,
			);
			path = ListView;
			sourceTree = "<group>";
		};
		8A1802B528C67D8A0081EB51 /* PlayerView */ = {
			isa = PBXGroup;
			children = (
				8A3F35ED28C4F8D3006B3892 /* PlayerView.swift */,
				8ADB1E2A28CE393D00962616 /* PlayerModules */,
			);
			path = PlayerView;
			sourceTree = "<group>";
		};
		8A3F35CD28C4B149006B3892 = {
			isa = PBXGroup;
			children = (
				8A3F35D828C4B149006B3892 /* AppleMusicAppSwiftUI */,
				8A3F35D728C4B149006B3892 /* Products */,
			);
			sourceTree = "<group>";
		};
		8A3F35D728C4B149006B3892 /* Products */ = {
			isa = PBXGroup;
			children = (
				8A3F35D628C4B149006B3892 /* MusicAppSUI.app */,
			);
			name = Products;
			sourceTree = "<group>";
		};
		8A3F35D828C4B149006B3892 /* AppleMusicAppSwiftUI */ = {
			isa = PBXGroup;
			children = (
				8A3F35EA28C4B350006B3892 /* Sources */,
				8A3F35E928C4B30E006B3892 /* Resources */,
			);
			path = AppleMusicAppSwiftUI;
			sourceTree = "<group>";
		};
		8A3F35DF28C4B14A006B3892 /* Preview Content */ = {
			isa = PBXGroup;
			children = (
				8A3F35E028C4B14A006B3892 /* Preview Assets.xcassets */,
			);
			path = "Preview Content";
			sourceTree = "<group>";
		};
		8A3F35E728C4B22F006B3892 /* App */ = {
			isa = PBXGroup;
			children = (
				8A3F35D928C4B149006B3892 /* AppleMusicAppSwiftUIApp.swift */,
			);
			path = App;
			sourceTree = "<group>";
		};
		8A3F35E828C4B236006B3892 /* Views */ = {
			isa = PBXGroup;
			children = (
				8A3F35EB28C4DE86006B3892 /* GeneralView.swift */,
				8ADB1DEE28C8FDBD00962616 /* RadioView */,
				8A1802B228C67C550081EB51 /* ListView */,
				8A1802B528C67D8A0081EB51 /* PlayerView */,
				8A3F35DB28C4B149006B3892 /* LibraryView.swift */,
				8ADB1E2428CBA1EF00962616 /* SearchView.swift */,
			);
			path = Views;
			sourceTree = "<group>";
		};
		8A3F35E928C4B30E006B3892 /* Resources */ = {
			isa = PBXGroup;
			children = (
				8A3F35DD28C4B14A006B3892 /* Assets.xcassets */,
				8A3F35DF28C4B14A006B3892 /* Preview Content */,
			);
			path = Resources;
			sourceTree = "<group>";
		};
		8A3F35EA28C4B350006B3892 /* Sources */ = {
			isa = PBXGroup;
			children = (
				8A3F35E728C4B22F006B3892 /* App */,
				8A1802B028C67BBA0081EB51 /* Model */,
				8A3F35E828C4B236006B3892 /* Views */,
			);
			path = Sources;
			sourceTree = "<group>";
		};
		8ADB1DEE28C8FDBD00962616 /* RadioView */ = {
			isa = PBXGroup;
			children = (
				8ADB1DEA28C8C54E00962616 /* RadioView.swift */,
				8ADB1DF128C9027000962616 /* RadioRectangleStantionView.swift */,
				8ADB1DEF28C8FDE900962616 /* RadioSingleStationView.swift */,
			);
			path = RadioView;
			sourceTree = "<group>";
		};
		8ADB1E2A28CE393D00962616 /* PlayerModules */ = {
			isa = PBXGroup;
			children = (
				8A1802B328C67D4F0081EB51 /* PlayerCoverView.swift */,
				8A1802B628C67F100081EB51 /* PlayerButtonImage.swift */,
				8ADB1E2628CE12CD00962616 /* PlayerProgressLine.swift */,
				8ADB1E2828CE35BA00962616 /* PlayerExtendedControlModul.swift */,
				8ADB1E2B28CE3CD500962616 /* PlayerExtendedBottomButtons.swift */,
			);
			path = PlayerModules;
			sourceTree = "<group>";
		};
/* End PBXGroup section */

/* Begin PBXNativeTarget section */
		8A3F35D528C4B149006B3892 /* AppleMusicAppSwiftUI */ = {
			isa = PBXNativeTarget;
			buildConfigurationList = 8A3F35E428C4B14A006B3892 /* Build configuration list for PBXNativeTarget "AppleMusicAppSwiftUI" */;
			buildPhases = (
				8A3F35D228C4B149006B3892 /* Sources */,
				8A3F35D328C4B149006B3892 /* Frameworks */,
				8A3F35D428C4B149006B3892 /* Resources */,
			);
			buildRules = (
			);
			dependencies = (
			);
			name = AppleMusicAppSwiftUI;
			productName = AppleMusicAppSwiftUI;
			productReference = 8A3F35D628C4B149006B3892 /* MusicAppSUI.app */;
			productType = "com.apple.product-type.application";
		};
/* End PBXNativeTarget section */

/* Begin PBXProject section */
		8A3F35CE28C4B149006B3892 /* Project object */ = {
			isa = PBXProject;
			attributes = {
				BuildIndependentTargetsInParallel = 1;
				LastSwiftUpdateCheck = 1340;
				LastUpgradeCheck = 1340;
				TargetAttributes = {
					8A3F35D528C4B149006B3892 = {
						CreatedOnToolsVersion = 13.4.1;
					};
				};
			};
			buildConfigurationList = 8A3F35D128C4B149006B3892 /* Build configuration list for PBXProject "AppleMusicAppSwiftUI" */;
			compatibilityVersion = "Xcode 13.0";
			developmentRegion = en;
			hasScannedForEncodings = 0;
			knownRegions = (
				en,
				Base,
			);
			mainGroup = 8A3F35CD28C4B149006B3892;
			productRefGroup = 8A3F35D728C4B149006B3892 /* Products */;
			projectDirPath = "";
			projectRoot = "";
			targets = (
				8A3F35D528C4B149006B3892 /* AppleMusicAppSwiftUI */,
			);
		};
/* End PBXProject section */

/* Begin PBXResourcesBuildPhase section */
		8A3F35D428C4B149006B3892 /* Resources */ = {
			isa = PBXResourcesBuildPhase;
			buildActionMask = 2147483647;
			files = (
				8A3F35E128C4B14A006B3892 /* Preview Assets.xcassets in Resources */,
				8A3F35DE28C4B14A006B3892 /* Assets.xcassets in Resources */,
			);
			runOnlyForDeploymentPostprocessing = 0;
		};
/* End PBXResourcesBuildPhase section */

/* Begin PBXSourcesBuildPhase section */
		8A3F35D228C4B149006B3892 /* Sources */ = {
			isa = PBXSourcesBuildPhase;
			buildActionMask = 2147483647;
			files = (
				8A3F35EC28C4DE86006B3892 /* GeneralView.swift in Sources */,
				8A3F35DC28C4B149006B3892 /* LibraryView.swift in Sources */,
				8ADB1DED28C8C63200962616 /* RadioModel.swift in Sources */,
				8A92ACB128C516D700ADE1B2 /* ListView.swift in Sources */,
				8A92ACB728C52ABE00ADE1B2 /* ListCell.swift in Sources */,
				8ADB1DF028C8FDE900962616 /* RadioSingleStationView.swift in Sources */,
				8ADB1E2928CE35BA00962616 /* PlayerExtendedControlModul.swift in Sources */,
				8ADB1DEB28C8C54E00962616 /* RadioView.swift in Sources */,
				8A3F35DA28C4B149006B3892 /* AppleMusicAppSwiftUIApp.swift in Sources */,
				8A3F35EE28C4F8D3006B3892 /* PlayerView.swift in Sources */,
				8A92ACAF28C516AB00ADE1B2 /* ListModel.swift in Sources */,
				8ADB1E2528CBA1EF00962616 /* SearchView.swift in Sources */,
				8ADB1E2C28CE3CD500962616 /* PlayerExtendedBottomButtons.swift in Sources */,
				8A1802B428C67D4F0081EB51 /* PlayerCoverView.swift in Sources */,
				8ADB1E2728CE12CD00962616 /* PlayerProgressLine.swift in Sources */,
				8A1802B728C67F100081EB51 /* PlayerButtonImage.swift in Sources */,
				8ADB1DF228C9027000962616 /* RadioRectangleStantionView.swift in Sources */,
			);
			runOnlyForDeploymentPostprocessing = 0;
		};
/* End PBXSourcesBuildPhase section */

/* Begin XCBuildConfiguration section */
		8A3F35E228C4B14A006B3892 /* Debug */ = {
			isa = XCBuildConfiguration;
			buildSettings = {
				ALWAYS_SEARCH_USER_PATHS = NO;
				CLANG_ANALYZER_NONNULL = YES;
				CLANG_ANALYZER_NUMBER_OBJECT_CONVERSION = YES_AGGRESSIVE;
				CLANG_CXX_LANGUAGE_STANDARD = "gnu++17";
				CLANG_ENABLE_MODULES = YES;
				CLANG_ENABLE_OBJC_ARC = YES;
				CLANG_ENABLE_OBJC_WEAK = YES;
				CLANG_WARN_BLOCK_CAPTURE_AUTORELEASING = YES;
				CLANG_WARN_BOOL_CONVERSION = YES;
				CLANG_WARN_COMMA = YES;
				CLANG_WARN_CONSTANT_CONVERSION = YES;
				CLANG_WARN_DEPRECATED_OBJC_IMPLEMENTATIONS = YES;
				CLANG_WARN_DIRECT_OBJC_ISA_USAGE = YES_ERROR;
				CLANG_WARN_DOCUMENTATION_COMMENTS = YES;
				CLANG_WARN_EMPTY_BODY = YES;
				CLANG_WARN_ENUM_CONVERSION = YES;
				CLANG_WARN_INFINITE_RECURSION = YES;
				CLANG_WARN_INT_CONVERSION = YES;
				CLANG_WARN_NON_LITERAL_NULL_CONVERSION = YES;
				CLANG_WARN_OBJC_IMPLICIT_RETAIN_SELF = YES;
				CLANG_WARN_OBJC_LITERAL_CONVERSION = YES;
				CLANG_WARN_OBJC_ROOT_CLASS = YES_ERROR;
				CLANG_WARN_QUOTED_INCLUDE_IN_FRAMEWORK_HEADER = YES;
				CLANG_WARN_RANGE_LOOP_ANALYSIS = YES;
				CLANG_WARN_STRICT_PROTOTYPES = YES;
				CLANG_WARN_SUSPICIOUS_MOVE = YES;
				CLANG_WARN_UNGUARDED_AVAILABILITY = YES_AGGRESSIVE;
				CLANG_WARN_UNREACHABLE_CODE = YES;
				CLANG_WARN__DUPLICATE_METHOD_MATCH = YES;
				COPY_PHASE_STRIP = NO;
				DEBUG_INFORMATION_FORMAT = dwarf;
				ENABLE_STRICT_OBJC_MSGSEND = YES;
				ENABLE_TESTABILITY = YES;
				GCC_C_LANGUAGE_STANDARD = gnu11;
				GCC_DYNAMIC_NO_PIC = NO;
				GCC_NO_COMMON_BLOCKS = YES;
				GCC_OPTIMIZATION_LEVEL = 0;
				GCC_PREPROCESSOR_DEFINITIONS = (
					"DEBUG=1",
					"$(inherited)",
				);
				GCC_WARN_64_TO_32_BIT_CONVERSION = YES;
				GCC_WARN_ABOUT_RETURN_TYPE = YES_ERROR;
				GCC_WARN_UNDECLARED_SELECTOR = YES;
				GCC_WARN_UNINITIALIZED_AUTOS = YES_AGGRESSIVE;
				GCC_WARN_UNUSED_FUNCTION = YES;
				GCC_WARN_UNUSED_VARIABLE = YES;
				IPHONEOS_DEPLOYMENT_TARGET = 15.5;
				MTL_ENABLE_DEBUG_INFO = INCLUDE_SOURCE;
				MTL_FAST_MATH = YES;
				ONLY_ACTIVE_ARCH = YES;
				SDKROOT = iphoneos;
				SWIFT_ACTIVE_COMPILATION_CONDITIONS = DEBUG;
				SWIFT_OPTIMIZATION_LEVEL = "-Onone";
			};
			name = Debug;
		};
		8A3F35E328C4B14A006B3892 /* Release */ = {
			isa = XCBuildConfiguration;
			buildSettings = {
				ALWAYS_SEARCH_USER_PATHS = NO;
				CLANG_ANALYZER_NONNULL = YES;
				CLANG_ANALYZER_NUMBER_OBJECT_CONVERSION = YES_AGGRESSIVE;
				CLANG_CXX_LANGUAGE_STANDARD = "gnu++17";
				CLANG_ENABLE_MODULES = YES;
				CLANG_ENABLE_OBJC_ARC = YES;
				CLANG_ENABLE_OBJC_WEAK = YES;
				CLANG_WARN_BLOCK_CAPTURE_AUTORELEASING = YES;
				CLANG_WARN_BOOL_CONVERSION = YES;
				CLANG_WARN_COMMA = YES;
				CLANG_WARN_CONSTANT_CONVERSION = YES;
				CLANG_WARN_DEPRECATED_OBJC_IMPLEMENTATIONS = YES;
				CLANG_WARN_DIRECT_OBJC_ISA_USAGE = YES_ERROR;
				CLANG_WARN_DOCUMENTATION_COMMENTS = YES;
				CLANG_WARN_EMPTY_BODY = YES;
				CLANG_WARN_ENUM_CONVERSION = YES;
				CLANG_WARN_INFINITE_RECURSION = YES;
				CLANG_WARN_INT_CONVERSION = YES;
				CLANG_WARN_NON_LITERAL_NULL_CONVERSION = YES;
				CLANG_WARN_OBJC_IMPLICIT_RETAIN_SELF = YES;
				CLANG_WARN_OBJC_LITERAL_CONVERSION = YES;
				CLANG_WARN_OBJC_ROOT_CLASS = YES_ERROR;
				CLANG_WARN_QUOTED_INCLUDE_IN_FRAMEWORK_HEADER = YES;
				CLANG_WARN_RANGE_LOOP_ANALYSIS = YES;
				CLANG_WARN_STRICT_PROTOTYPES = YES;
				CLANG_WARN_SUSPICIOUS_MOVE = YES;
				CLANG_WARN_UNGUARDED_AVAILABILITY = YES_AGGRESSIVE;
				CLANG_WARN_UNREACHABLE_CODE = YES;
				CLANG_WARN__DUPLICATE_METHOD_MATCH = YES;
				COPY_PHASE_STRIP = NO;
				DEBUG_INFORMATION_FORMAT = "dwarf-with-dsym";
				ENABLE_NS_ASSERTIONS = NO;
				ENABLE_STRICT_OBJC_MSGSEND = YES;
				GCC_C_LANGUAGE_STANDARD = gnu11;
				GCC_NO_COMMON_BLOCKS = YES;
				GCC_WARN_64_TO_32_BIT_CONVERSION = YES;
				GCC_WARN_ABOUT_RETURN_TYPE = YES_ERROR;
				GCC_WARN_UNDECLARED_SELECTOR = YES;
				GCC_WARN_UNINITIALIZED_AUTOS = YES_AGGRESSIVE;
				GCC_WARN_UNUSED_FUNCTION = YES;
				GCC_WARN_UNUSED_VARIABLE = YES;
				IPHONEOS_DEPLOYMENT_TARGET = 15.5;
				MTL_ENABLE_DEBUG_INFO = NO;
				MTL_FAST_MATH = YES;
				SDKROOT = iphoneos;
				SWIFT_COMPILATION_MODE = wholemodule;
				SWIFT_OPTIMIZATION_LEVEL = "-O";
				VALIDATE_PRODUCT = YES;
			};
			name = Release;
		};
		8A3F35E528C4B14A006B3892 /* Debug */ = {
			isa = XCBuildConfiguration;
			buildSettings = {
				ASSETCATALOG_COMPILER_APPICON_NAME = AppIcon;
				ASSETCATALOG_COMPILER_GLOBAL_ACCENT_COLOR_NAME = AccentColor;
				CODE_SIGN_STYLE = Automatic;
				CURRENT_PROJECT_VERSION = 1;
				DEVELOPMENT_ASSET_PATHS = "\"AppleMusicAppSwiftUI/Resources/Preview Content\"";
				DEVELOPMENT_TEAM = JZ3AHZ382V;
				ENABLE_PREVIEWS = YES;
				GENERATE_INFOPLIST_FILE = YES;
				INFOPLIST_KEY_UIApplicationSceneManifest_Generation = YES;
				INFOPLIST_KEY_UIApplicationSupportsIndirectInputEvents = YES;
				INFOPLIST_KEY_UILaunchScreen_Generation = YES;
				INFOPLIST_KEY_UISupportedInterfaceOrientations = UIInterfaceOrientationPortrait;
				INFOPLIST_KEY_UISupportedInterfaceOrientations_iPad = "UIInterfaceOrientationPortrait UIInterfaceOrientationPortraitUpsideDown UIInterfaceOrientationLandscapeLeft UIInterfaceOrientationLandscapeRight";
				INFOPLIST_KEY_UISupportedInterfaceOrientations_iPhone = "UIInterfaceOrientationPortrait UIInterfaceOrientationLandscapeLeft UIInterfaceOrientationLandscapeRight";
				LD_RUNPATH_SEARCH_PATHS = (
					"$(inherited)",
					"@executable_path/Frameworks",
				);
				MARKETING_VERSION = 1.0;
				PRODUCT_BUNDLE_IDENTIFIER = com.dorodniy.AppleMusicAppSwiftUI;
				PRODUCT_NAME = MusicAppSUI;
				SWIFT_EMIT_LOC_STRINGS = YES;
				SWIFT_VERSION = 5.0;
				TARGETED_DEVICE_FAMILY = 1;
			};
			name = Debug;
		};
		8A3F35E628C4B14A006B3892 /* Release */ = {
			isa = XCBuildConfiguration;
			buildSettings = {
				ASSETCATALOG_COMPILER_APPICON_NAME = AppIcon;
				ASSETCATALOG_COMPILER_GLOBAL_ACCENT_COLOR_NAME = AccentColor;
				CODE_SIGN_STYLE = Automatic;
				CURRENT_PROJECT_VERSION = 1;
				DEVELOPMENT_ASSET_PATHS = "\"AppleMusicAppSwiftUI/Resources/Preview Content\"";
				DEVELOPMENT_TEAM = JZ3AHZ382V;
				ENABLE_PREVIEWS = YES;
				GENERATE_INFOPLIST_FILE = YES;
				INFOPLIST_KEY_UIApplicationSceneManifest_Generation = YES;
				INFOPLIST_KEY_UIApplicationSupportsIndirectInputEvents = YES;
				INFOPLIST_KEY_UILaunchScreen_Generation = YES;
				INFOPLIST_KEY_UISupportedInterfaceOrientations = UIInterfaceOrientationPortrait;
				INFOPLIST_KEY_UISupportedInterfaceOrientations_iPad = "UIInterfaceOrientationPortrait UIInterfaceOrientationPortraitUpsideDown UIInterfaceOrientationLandscapeLeft UIInterfaceOrientationLandscapeRight";
				INFOPLIST_KEY_UISupportedInterfaceOrientations_iPhone = "UIInterfaceOrientationPortrait UIInterfaceOrientationLandscapeLeft UIInterfaceOrientationLandscapeRight";
				LD_RUNPATH_SEARCH_PATHS = (
					"$(inherited)",
					"@executable_path/Frameworks",
				);
				MARKETING_VERSION = 1.0;
				PRODUCT_BUNDLE_IDENTIFIER = com.dorodniy.AppleMusicAppSwiftUI;
				PRODUCT_NAME = MusicAppSUI;
				SWIFT_EMIT_LOC_STRINGS = YES;
				SWIFT_VERSION = 5.0;
				TARGETED_DEVICE_FAMILY = 1;
			};
			name = Release;
		};
/* End XCBuildConfiguration section */

/* Begin XCConfigurationList section */
		8A3F35D128C4B149006B3892 /* Build configuration list for PBXProject "AppleMusicAppSwiftUI" */ = {
			isa = XCConfigurationList;
			buildConfigurations = (
				8A3F35E228C4B14A006B3892 /* Debug */,
				8A3F35E328C4B14A006B3892 /* Release */,
			);
			defaultConfigurationIsVisible = 0;
			defaultConfigurationName = Release;
		};
		8A3F35E428C4B14A006B3892 /* Build configuration list for PBXNativeTarget "AppleMusicAppSwiftUI" */ = {
			isa = XCConfigurationList;
			buildConfigurations = (
				8A3F35E528C4B14A006B3892 /* Debug */,
				8A3F35E628C4B14A006B3892 /* Release */,
			);
			defaultConfigurationIsVisible = 0;
			defaultConfigurationName = Release;
		};
/* End XCConfigurationList section */
	};
	rootObject = 8A3F35CE28C4B149006B3892 /* Project object */;
}
